
Microsoft Visual Studio Solution File, Format Version 12.00
# Visual Studio Version 17
VisualStudioVersion = 17.0.31919.166
MinimumVisualStudioVersion = 10.0.40219.1
Project("{FAE04EC0-301F-11D3-BF4B-00C04F79EFBC}") = "hl7", "hl7\hl7.csproj", "{0D755D0B-5CE7-4B43-AD5B-B14DEB4BFF64}"
EndProject
Global
	GlobalSection(SolutionConfigurationPlatforms) = preSolution
		Debug|Any CPU = Debug|Any CPU
		Release|Any CPU = Release|Any CPU
	EndGlobalSection
	GlobalSection(ProjectConfigurationPlatforms) = postSolution
		{0D755D0B-5CE7-4B43-AD5B-B14DEB4BFF64}.Debug|Any CPU.ActiveCfg = Debug|Any CPU
		{0D755D0B-5CE7-4B43-AD5B-B14DEB4BFF64}.Debug|Any CPU.Build.0 = Debug|Any CPU
		{0D755D0B-5CE7-4B43-AD5B-B14DEB4BFF64}.Release|Any CPU.ActiveCfg = Release|Any CPU
		{0D755D0B-5CE7-4B43-AD5B-B14DEB4BFF64}.Release|Any CPU.Build.0 = Release|Any CPU
	EndGlobalSection
	GlobalSection(SolutionProperties) = preSolution
		HideSolutionNode = FALSE
	EndGlobalSection
	GlobalSection(ExtensibilityGlobals) = postSolution
		SolutionGuid = {C54A2D02-5B6B-47FF-9F87-ED8C0119B568}
	EndGlobalSection
EndGlobal
